
Microsoft Visual Studio Solution File, Format Version 12.00
# Visual Studio Version 17
VisualStudioVersion = 17.14.36616.10 d17.14
MinimumVisualStudioVersion = 10.0.40219.1
Project("{FAE04EC0-301F-11D3-BF4B-00C04F79EFBC}") = "tarjetaCastroDiLellaRomero", "tarjetaCastroDiLellaRomero.csproj", "{D353FB25-B5A5-4D28-8780-677543108E80}"
EndProject
Global
	GlobalSection(SolutionConfigurationPlatforms) = preSolution
		Debug|Any CPU = Debug|Any CPU
		Release|Any CPU = Release|Any CPU
	EndGlobalSection
	GlobalSection(ProjectConfigurationPlatforms) = postSolution
		{D353FB25-B5A5-4D28-8780-677543108E80}.Debug|Any CPU.ActiveCfg = Debug|Any CPU
		{D353FB25-B5A5-4D28-8780-677543108E80}.Debug|Any CPU.Build.0 = Debug|Any CPU
		{D353FB25-B5A5-4D28-8780-677543108E80}.Release|Any CPU.ActiveCfg = Release|Any CPU
		{D353FB25-B5A5-4D28-8780-677543108E80}.Release|Any CPU.Build.0 = Release|Any CPU
	EndGlobalSection
	GlobalSection(SolutionProperties) = preSolution
		HideSolutionNode = FALSE
	EndGlobalSection
	GlobalSection(ExtensibilityGlobals) = postSolution
		SolutionGuid = {0D826681-5905-4933-BFDF-70B002912E7F}
	EndGlobalSection
EndGlobal
